
Microsoft Visual Studio Solution File, Format Version 12.00
# Visual Studio Version 17
VisualStudioVersion = 17.0.32014.148
MinimumVisualStudioVersion = 10.0.40219.1
Project("{9A19103F-16F7-4668-BE54-9A1E7A4F7556}") = "Altinn.Register", "src\Altinn.Register.csproj", "{245B9C40-E4F7-47CB-96C8-E027078FE1B5}"
EndProject
Project("{9A19103F-16F7-4668-BE54-9A1E7A4F7556}") = "Altinn.Register.Tests", "test\Altinn.Register.Tests.csproj", "{47B54B20-2C71-42DA-AEC1-E68758F1456B}"
EndProject
Global
	GlobalSection(SolutionConfigurationPlatforms) = preSolution
		Debug|Any CPU = Debug|Any CPU
		Release|Any CPU = Release|Any CPU
	EndGlobalSection
	GlobalSection(ProjectConfigurationPlatforms) = postSolution
		{245B9C40-E4F7-47CB-96C8-E027078FE1B5}.Debug|Any CPU.ActiveCfg = Debug|Any CPU
		{245B9C40-E4F7-47CB-96C8-E027078FE1B5}.Debug|Any CPU.Build.0 = Debug|Any CPU
		{245B9C40-E4F7-47CB-96C8-E027078FE1B5}.Release|Any CPU.ActiveCfg = Release|Any CPU
		{245B9C40-E4F7-47CB-96C8-E027078FE1B5}.Release|Any CPU.Build.0 = Release|Any CPU
		{47B54B20-2C71-42DA-AEC1-E68758F1456B}.Debug|Any CPU.ActiveCfg = Debug|Any CPU
		{47B54B20-2C71-42DA-AEC1-E68758F1456B}.Debug|Any CPU.Build.0 = Debug|Any CPU
		{47B54B20-2C71-42DA-AEC1-E68758F1456B}.Release|Any CPU.ActiveCfg = Release|Any CPU
		{47B54B20-2C71-42DA-AEC1-E68758F1456B}.Release|Any CPU.Build.0 = Release|Any CPU
	EndGlobalSection
	GlobalSection(SolutionProperties) = preSolution
		HideSolutionNode = FALSE
	EndGlobalSection
	GlobalSection(ExtensibilityGlobals) = postSolution
		SolutionGuid = {F90FFA15-3A79-4299-81E7-CFE0D0179B35}
	EndGlobalSection
EndGlobal
