
Microsoft Visual Studio Solution File, Format Version 12.00
# Visual Studio Version 17
VisualStudioVersion = 17.0.31903.59
MinimumVisualStudioVersion = 10.0.40219.1
Project("{2150E333-8FDC-42A3-9474-1A3956D46DE8}") = "app", "app", "{F95F473B-E98A-ACD6-1986-755F447BE36F}"
EndProject
Project("{2150E333-8FDC-42A3-9474-1A3956D46DE8}") = "Altinn.Register", "Altinn.Register", "{15FC71FC-4A65-6CB1-9BC1-643F48D80639}"
EndProject
Project("{2150E333-8FDC-42A3-9474-1A3956D46DE8}") = "src", "src", "{9F856603-52D5-E1B8-657B-994E194BE88D}"
EndProject
Project("{FAE04EC0-301F-11D3-BF4B-00C04F79EFBC}") = "Altinn.Register.AppHost", "src\apps\Altinn.Register\src\Altinn.Register.AppHost\Altinn.Register.AppHost.csproj", "{398A58DC-239A-435A-A0D5-9E447484B723}"
EndProject
Project("{FAE04EC0-301F-11D3-BF4B-00C04F79EFBC}") = "Altinn.Register", "src\apps\Altinn.Register\src\Altinn.Register\Altinn.Register.csproj", "{245B9C40-E4F7-47CB-96C8-E027078FE1B5}"
EndProject
Project("{FAE04EC0-301F-11D3-BF4B-00C04F79EFBC}") = "Altinn.Register.Contracts", "src\apps\Altinn.Register\src\Altinn.Register.Contracts\Altinn.Register.Contracts.csproj", "{41490E96-3883-4814-A986-58C8E74003BA}"
EndProject
Project("{FAE04EC0-301F-11D3-BF4B-00C04F79EFBC}") = "Altinn.Register.Core", "src\apps\Altinn.Register\src\Altinn.Register.Core\Altinn.Register.Core.csproj", "{17DF9009-3BEE-44A8-86CB-8A06BAA83DD2}"
EndProject
Project("{FAE04EC0-301F-11D3-BF4B-00C04F79EFBC}") = "Altinn.Register.Persistence", "src\apps\Altinn.Register\src\Altinn.Register.Persistence\Altinn.Register.Persistence.csproj", "{C55D0344-55B1-4BDD-B677-5CF1A01EFE3F}"
EndProject
Project("{FAE04EC0-301F-11D3-BF4B-00C04F79EFBC}") = "Altinn.Authorization.Aspire.Npgsql", "src\apps\Altinn.Register\src\Aspire.Npgsql\Altinn.Authorization.Aspire.Npgsql.csproj", "{826C1802-3602-4CED-A756-8396A9DECAA0}"
EndProject
Project("{FAE04EC0-301F-11D3-BF4B-00C04F79EFBC}") = "Altinn.Authorization.ServiceDefaults.MassTransit", "src\apps\Altinn.Register\src\ServiceDefaults.MassTransit\Altinn.Authorization.ServiceDefaults.MassTransit.csproj", "{D75E924E-D328-4A47-A8E4-B1F41AD7D44C}"
EndProject
Project("{FAE04EC0-301F-11D3-BF4B-00C04F79EFBC}") = "Altinn.Authorization.ServiceDefaults.MassTransit.Abstractions", "src\apps\Altinn.Register\src\ServiceDefaults.MassTransit.Abstractions\Altinn.Authorization.ServiceDefaults.MassTransit.Abstractions.csproj", "{DD2C50A2-E295-48D3-9A89-00F7DCA56556}"
EndProject
Project("{2150E333-8FDC-42A3-9474-1A3956D46DE8}") = "test", "test", "{3727DEF6-1C14-53EF-AF3C-EDAF252F0EAE}"
EndProject
Project("{FAE04EC0-301F-11D3-BF4B-00C04F79EFBC}") = "Altinn.Register.IntegrationTests", "src\apps\Altinn.Register\test\Altinn.Register.IntegrationTests\Altinn.Register.IntegrationTests.csproj", "{7DE0C594-5610-4D0E-9A48-5FB197CC2510}"
EndProject
Project("{FAE04EC0-301F-11D3-BF4B-00C04F79EFBC}") = "Altinn.Register.Persistence.Tests", "src\apps\Altinn.Register\test\Altinn.Register.Persistence.Tests\Altinn.Register.Persistence.Tests.csproj", "{24F37545-47E3-4AC7-8AFE-A3EE17ED44AD}"
EndProject
Project("{FAE04EC0-301F-11D3-BF4B-00C04F79EFBC}") = "Altinn.Register.TestUtils.V2", "src\apps\Altinn.Register\test\Altinn.Register.TestUtils.V2\Altinn.Register.TestUtils.V2.csproj", "{86E29DFB-6B22-4311-B1BF-6CC1C125AF55}"
EndProject
Project("{FAE04EC0-301F-11D3-BF4B-00C04F79EFBC}") = "Altinn.Register.Tests", "src\apps\Altinn.Register\test\Altinn.Register.Tests\Altinn.Register.Tests.csproj", "{C2F625EB-9293-443F-A846-16C5142F9E88}"
EndProject
Project("{FAE04EC0-301F-11D3-BF4B-00C04F79EFBC}") = "Altinn.Register.TestUtils.V3", "src\apps\Altinn.Register\test\Altinn.Register.TestUtils.V3\Altinn.Register.TestUtils.V3.csproj", "{34583C52-20D8-4065-A314-804AFD21783C}"
EndProject
Project("{2150E333-8FDC-42A3-9474-1A3956D46DE8}") = "pkg", "pkg", "{2CACE873-F0F8-81F3-56EC-A1F4A4ABD967}"
EndProject
Project("{2150E333-8FDC-42A3-9474-1A3956D46DE8}") = "Altinn.Platform.Models", "Altinn.Platform.Models", "{7A367F74-30FD-79FF-84BD-411F9233E042}"
EndProject
Project("{2150E333-8FDC-42A3-9474-1A3956D46DE8}") = "src", "src", "{9121F088-7B4C-E2C9-9976-52234130773D}"
EndProject
Project("{FAE04EC0-301F-11D3-BF4B-00C04F79EFBC}") = "Altinn.Platform.Models", "src\pkgs\Altinn.Platform.Models\src\Altinn.Platform.Models\Altinn.Platform.Models.csproj", "{B72A146D-719D-4E2A-B931-C2ACBA72EF4F}"
EndProject
Project("{2150E333-8FDC-42A3-9474-1A3956D46DE8}") = "test", "test", "{58F0DDE8-66C0-7DD3-EE9D-B4ED65E00B44}"
EndProject
Project("{FAE04EC0-301F-11D3-BF4B-00C04F79EFBC}") = "Altinn.Platform.Models.Tests", "src\pkgs\Altinn.Platform.Models\test\Altinn.Platform.Models.Tests\Altinn.Platform.Models.Tests.csproj", "{9B411E76-B25E-4BA8-98F2-2C96AE979686}"
EndProject
Global
	GlobalSection(SolutionConfigurationPlatforms) = preSolution
		Debug|Any CPU = Debug|Any CPU
		Debug|x64 = Debug|x64
		Debug|x86 = Debug|x86
		Release|Any CPU = Release|Any CPU
		Release|x64 = Release|x64
		Release|x86 = Release|x86
	EndGlobalSection
	GlobalSection(ProjectConfigurationPlatforms) = postSolution
		{398A58DC-239A-435A-A0D5-9E447484B723}.Debug|Any CPU.ActiveCfg = Debug|Any CPU
		{398A58DC-239A-435A-A0D5-9E447484B723}.Debug|Any CPU.Build.0 = Debug|Any CPU
		{398A58DC-239A-435A-A0D5-9E447484B723}.Debug|x64.ActiveCfg = Debug|Any CPU
		{398A58DC-239A-435A-A0D5-9E447484B723}.Debug|x64.Build.0 = Debug|Any CPU
		{398A58DC-239A-435A-A0D5-9E447484B723}.Debug|x86.ActiveCfg = Debug|Any CPU
		{398A58DC-239A-435A-A0D5-9E447484B723}.Debug|x86.Build.0 = Debug|Any CPU
		{398A58DC-239A-435A-A0D5-9E447484B723}.Release|Any CPU.ActiveCfg = Release|Any CPU
		{398A58DC-239A-435A-A0D5-9E447484B723}.Release|Any CPU.Build.0 = Release|Any CPU
		{398A58DC-239A-435A-A0D5-9E447484B723}.Release|x64.ActiveCfg = Release|Any CPU
		{398A58DC-239A-435A-A0D5-9E447484B723}.Release|x64.Build.0 = Release|Any CPU
		{398A58DC-239A-435A-A0D5-9E447484B723}.Release|x86.ActiveCfg = Release|Any CPU
		{398A58DC-239A-435A-A0D5-9E447484B723}.Release|x86.Build.0 = Release|Any CPU
		{245B9C40-E4F7-47CB-96C8-E027078FE1B5}.Debug|Any CPU.ActiveCfg = Debug|Any CPU
		{245B9C40-E4F7-47CB-96C8-E027078FE1B5}.Debug|Any CPU.Build.0 = Debug|Any CPU
		{245B9C40-E4F7-47CB-96C8-E027078FE1B5}.Debug|x64.ActiveCfg = Debug|Any CPU
		{245B9C40-E4F7-47CB-96C8-E027078FE1B5}.Debug|x64.Build.0 = Debug|Any CPU
		{245B9C40-E4F7-47CB-96C8-E027078FE1B5}.Debug|x86.ActiveCfg = Debug|Any CPU
		{245B9C40-E4F7-47CB-96C8-E027078FE1B5}.Debug|x86.Build.0 = Debug|Any CPU
		{245B9C40-E4F7-47CB-96C8-E027078FE1B5}.Release|Any CPU.ActiveCfg = Release|Any CPU
		{245B9C40-E4F7-47CB-96C8-E027078FE1B5}.Release|Any CPU.Build.0 = Release|Any CPU
		{245B9C40-E4F7-47CB-96C8-E027078FE1B5}.Release|x64.ActiveCfg = Release|Any CPU
		{245B9C40-E4F7-47CB-96C8-E027078FE1B5}.Release|x64.Build.0 = Release|Any CPU
		{245B9C40-E4F7-47CB-96C8-E027078FE1B5}.Release|x86.ActiveCfg = Release|Any CPU
		{245B9C40-E4F7-47CB-96C8-E027078FE1B5}.Release|x86.Build.0 = Release|Any CPU
		{41490E96-3883-4814-A986-58C8E74003BA}.Debug|Any CPU.ActiveCfg = Debug|Any CPU
		{41490E96-3883-4814-A986-58C8E74003BA}.Debug|Any CPU.Build.0 = Debug|Any CPU
		{41490E96-3883-4814-A986-58C8E74003BA}.Debug|x64.ActiveCfg = Debug|Any CPU
		{41490E96-3883-4814-A986-58C8E74003BA}.Debug|x64.Build.0 = Debug|Any CPU
		{41490E96-3883-4814-A986-58C8E74003BA}.Debug|x86.ActiveCfg = Debug|Any CPU
		{41490E96-3883-4814-A986-58C8E74003BA}.Debug|x86.Build.0 = Debug|Any CPU
		{41490E96-3883-4814-A986-58C8E74003BA}.Release|Any CPU.ActiveCfg = Release|Any CPU
		{41490E96-3883-4814-A986-58C8E74003BA}.Release|Any CPU.Build.0 = Release|Any CPU
		{41490E96-3883-4814-A986-58C8E74003BA}.Release|x64.ActiveCfg = Release|Any CPU
		{41490E96-3883-4814-A986-58C8E74003BA}.Release|x64.Build.0 = Release|Any CPU
		{41490E96-3883-4814-A986-58C8E74003BA}.Release|x86.ActiveCfg = Release|Any CPU
		{41490E96-3883-4814-A986-58C8E74003BA}.Release|x86.Build.0 = Release|Any CPU
		{17DF9009-3BEE-44A8-86CB-8A06BAA83DD2}.Debug|Any CPU.ActiveCfg = Debug|Any CPU
		{17DF9009-3BEE-44A8-86CB-8A06BAA83DD2}.Debug|Any CPU.Build.0 = Debug|Any CPU
		{17DF9009-3BEE-44A8-86CB-8A06BAA83DD2}.Debug|x64.ActiveCfg = Debug|Any CPU
		{17DF9009-3BEE-44A8-86CB-8A06BAA83DD2}.Debug|x64.Build.0 = Debug|Any CPU
		{17DF9009-3BEE-44A8-86CB-8A06BAA83DD2}.Debug|x86.ActiveCfg = Debug|Any CPU
		{17DF9009-3BEE-44A8-86CB-8A06BAA83DD2}.Debug|x86.Build.0 = Debug|Any CPU
		{17DF9009-3BEE-44A8-86CB-8A06BAA83DD2}.Release|Any CPU.ActiveCfg = Release|Any CPU
		{17DF9009-3BEE-44A8-86CB-8A06BAA83DD2}.Release|Any CPU.Build.0 = Release|Any CPU
		{17DF9009-3BEE-44A8-86CB-8A06BAA83DD2}.Release|x64.ActiveCfg = Release|Any CPU
		{17DF9009-3BEE-44A8-86CB-8A06BAA83DD2}.Release|x64.Build.0 = Release|Any CPU
		{17DF9009-3BEE-44A8-86CB-8A06BAA83DD2}.Release|x86.ActiveCfg = Release|Any CPU
		{17DF9009-3BEE-44A8-86CB-8A06BAA83DD2}.Release|x86.Build.0 = Release|Any CPU
		{C55D0344-55B1-4BDD-B677-5CF1A01EFE3F}.Debug|Any CPU.ActiveCfg = Debug|Any CPU
		{C55D0344-55B1-4BDD-B677-5CF1A01EFE3F}.Debug|Any CPU.Build.0 = Debug|Any CPU
		{C55D0344-55B1-4BDD-B677-5CF1A01EFE3F}.Debug|x64.ActiveCfg = Debug|Any CPU
		{C55D0344-55B1-4BDD-B677-5CF1A01EFE3F}.Debug|x64.Build.0 = Debug|Any CPU
		{C55D0344-55B1-4BDD-B677-5CF1A01EFE3F}.Debug|x86.ActiveCfg = Debug|Any CPU
		{C55D0344-55B1-4BDD-B677-5CF1A01EFE3F}.Debug|x86.Build.0 = Debug|Any CPU
		{C55D0344-55B1-4BDD-B677-5CF1A01EFE3F}.Release|Any CPU.ActiveCfg = Release|Any CPU
		{C55D0344-55B1-4BDD-B677-5CF1A01EFE3F}.Release|Any CPU.Build.0 = Release|Any CPU
		{C55D0344-55B1-4BDD-B677-5CF1A01EFE3F}.Release|x64.ActiveCfg = Release|Any CPU
		{C55D0344-55B1-4BDD-B677-5CF1A01EFE3F}.Release|x64.Build.0 = Release|Any CPU
		{C55D0344-55B1-4BDD-B677-5CF1A01EFE3F}.Release|x86.ActiveCfg = Release|Any CPU
		{C55D0344-55B1-4BDD-B677-5CF1A01EFE3F}.Release|x86.Build.0 = Release|Any CPU
		{826C1802-3602-4CED-A756-8396A9DECAA0}.Debug|Any CPU.ActiveCfg = Debug|Any CPU
		{826C1802-3602-4CED-A756-8396A9DECAA0}.Debug|Any CPU.Build.0 = Debug|Any CPU
		{826C1802-3602-4CED-A756-8396A9DECAA0}.Debug|x64.ActiveCfg = Debug|Any CPU
		{826C1802-3602-4CED-A756-8396A9DECAA0}.Debug|x64.Build.0 = Debug|Any CPU
		{826C1802-3602-4CED-A756-8396A9DECAA0}.Debug|x86.ActiveCfg = Debug|Any CPU
		{826C1802-3602-4CED-A756-8396A9DECAA0}.Debug|x86.Build.0 = Debug|Any CPU
		{826C1802-3602-4CED-A756-8396A9DECAA0}.Release|Any CPU.ActiveCfg = Release|Any CPU
		{826C1802-3602-4CED-A756-8396A9DECAA0}.Release|Any CPU.Build.0 = Release|Any CPU
		{826C1802-3602-4CED-A756-8396A9DECAA0}.Release|x64.ActiveCfg = Release|Any CPU
		{826C1802-3602-4CED-A756-8396A9DECAA0}.Release|x64.Build.0 = Release|Any CPU
		{826C1802-3602-4CED-A756-8396A9DECAA0}.Release|x86.ActiveCfg = Release|Any CPU
		{826C1802-3602-4CED-A756-8396A9DECAA0}.Release|x86.Build.0 = Release|Any CPU
		{D75E924E-D328-4A47-A8E4-B1F41AD7D44C}.Debug|Any CPU.ActiveCfg = Debug|Any CPU
		{D75E924E-D328-4A47-A8E4-B1F41AD7D44C}.Debug|Any CPU.Build.0 = Debug|Any CPU
		{D75E924E-D328-4A47-A8E4-B1F41AD7D44C}.Debug|x64.ActiveCfg = Debug|Any CPU
		{D75E924E-D328-4A47-A8E4-B1F41AD7D44C}.Debug|x64.Build.0 = Debug|Any CPU
		{D75E924E-D328-4A47-A8E4-B1F41AD7D44C}.Debug|x86.ActiveCfg = Debug|Any CPU
		{D75E924E-D328-4A47-A8E4-B1F41AD7D44C}.Debug|x86.Build.0 = Debug|Any CPU
		{D75E924E-D328-4A47-A8E4-B1F41AD7D44C}.Release|Any CPU.ActiveCfg = Release|Any CPU
		{D75E924E-D328-4A47-A8E4-B1F41AD7D44C}.Release|Any CPU.Build.0 = Release|Any CPU
		{D75E924E-D328-4A47-A8E4-B1F41AD7D44C}.Release|x64.ActiveCfg = Release|Any CPU
		{D75E924E-D328-4A47-A8E4-B1F41AD7D44C}.Release|x64.Build.0 = Release|Any CPU
		{D75E924E-D328-4A47-A8E4-B1F41AD7D44C}.Release|x86.ActiveCfg = Release|Any CPU
		{D75E924E-D328-4A47-A8E4-B1F41AD7D44C}.Release|x86.Build.0 = Release|Any CPU
		{DD2C50A2-E295-48D3-9A89-00F7DCA56556}.Debug|Any CPU.ActiveCfg = Debug|Any CPU
		{DD2C50A2-E295-48D3-9A89-00F7DCA56556}.Debug|Any CPU.Build.0 = Debug|Any CPU
		{DD2C50A2-E295-48D3-9A89-00F7DCA56556}.Debug|x64.ActiveCfg = Debug|Any CPU
		{DD2C50A2-E295-48D3-9A89-00F7DCA56556}.Debug|x64.Build.0 = Debug|Any CPU
		{DD2C50A2-E295-48D3-9A89-00F7DCA56556}.Debug|x86.ActiveCfg = Debug|Any CPU
		{DD2C50A2-E295-48D3-9A89-00F7DCA56556}.Debug|x86.Build.0 = Debug|Any CPU
		{DD2C50A2-E295-48D3-9A89-00F7DCA56556}.Release|Any CPU.ActiveCfg = Release|Any CPU
		{DD2C50A2-E295-48D3-9A89-00F7DCA56556}.Release|Any CPU.Build.0 = Release|Any CPU
		{DD2C50A2-E295-48D3-9A89-00F7DCA56556}.Release|x64.ActiveCfg = Release|Any CPU
		{DD2C50A2-E295-48D3-9A89-00F7DCA56556}.Release|x64.Build.0 = Release|Any CPU
		{DD2C50A2-E295-48D3-9A89-00F7DCA56556}.Release|x86.ActiveCfg = Release|Any CPU
		{DD2C50A2-E295-48D3-9A89-00F7DCA56556}.Release|x86.Build.0 = Release|Any CPU
		{7DE0C594-5610-4D0E-9A48-5FB197CC2510}.Debug|Any CPU.ActiveCfg = Debug|Any CPU
		{7DE0C594-5610-4D0E-9A48-5FB197CC2510}.Debug|Any CPU.Build.0 = Debug|Any CPU
		{7DE0C594-5610-4D0E-9A48-5FB197CC2510}.Debug|x64.ActiveCfg = Debug|Any CPU
		{7DE0C594-5610-4D0E-9A48-5FB197CC2510}.Debug|x64.Build.0 = Debug|Any CPU
		{7DE0C594-5610-4D0E-9A48-5FB197CC2510}.Debug|x86.ActiveCfg = Debug|Any CPU
		{7DE0C594-5610-4D0E-9A48-5FB197CC2510}.Debug|x86.Build.0 = Debug|Any CPU
		{7DE0C594-5610-4D0E-9A48-5FB197CC2510}.Release|Any CPU.ActiveCfg = Release|Any CPU
		{7DE0C594-5610-4D0E-9A48-5FB197CC2510}.Release|Any CPU.Build.0 = Release|Any CPU
		{7DE0C594-5610-4D0E-9A48-5FB197CC2510}.Release|x64.ActiveCfg = Release|Any CPU
		{7DE0C594-5610-4D0E-9A48-5FB197CC2510}.Release|x64.Build.0 = Release|Any CPU
		{7DE0C594-5610-4D0E-9A48-5FB197CC2510}.Release|x86.ActiveCfg = Release|Any CPU
		{7DE0C594-5610-4D0E-9A48-5FB197CC2510}.Release|x86.Build.0 = Release|Any CPU
		{24F37545-47E3-4AC7-8AFE-A3EE17ED44AD}.Debug|Any CPU.ActiveCfg = Debug|Any CPU
		{24F37545-47E3-4AC7-8AFE-A3EE17ED44AD}.Debug|Any CPU.Build.0 = Debug|Any CPU
		{24F37545-47E3-4AC7-8AFE-A3EE17ED44AD}.Debug|x64.ActiveCfg = Debug|Any CPU
		{24F37545-47E3-4AC7-8AFE-A3EE17ED44AD}.Debug|x64.Build.0 = Debug|Any CPU
		{24F37545-47E3-4AC7-8AFE-A3EE17ED44AD}.Debug|x86.ActiveCfg = Debug|Any CPU
		{24F37545-47E3-4AC7-8AFE-A3EE17ED44AD}.Debug|x86.Build.0 = Debug|Any CPU
		{24F37545-47E3-4AC7-8AFE-A3EE17ED44AD}.Release|Any CPU.ActiveCfg = Release|Any CPU
		{24F37545-47E3-4AC7-8AFE-A3EE17ED44AD}.Release|Any CPU.Build.0 = Release|Any CPU
		{24F37545-47E3-4AC7-8AFE-A3EE17ED44AD}.Release|x64.ActiveCfg = Release|Any CPU
		{24F37545-47E3-4AC7-8AFE-A3EE17ED44AD}.Release|x64.Build.0 = Release|Any CPU
		{24F37545-47E3-4AC7-8AFE-A3EE17ED44AD}.Release|x86.ActiveCfg = Release|Any CPU
		{24F37545-47E3-4AC7-8AFE-A3EE17ED44AD}.Release|x86.Build.0 = Release|Any CPU
		{86E29DFB-6B22-4311-B1BF-6CC1C125AF55}.Debug|Any CPU.ActiveCfg = Debug|Any CPU
		{86E29DFB-6B22-4311-B1BF-6CC1C125AF55}.Debug|Any CPU.Build.0 = Debug|Any CPU
		{86E29DFB-6B22-4311-B1BF-6CC1C125AF55}.Debug|x64.ActiveCfg = Debug|Any CPU
		{86E29DFB-6B22-4311-B1BF-6CC1C125AF55}.Debug|x64.Build.0 = Debug|Any CPU
		{86E29DFB-6B22-4311-B1BF-6CC1C125AF55}.Debug|x86.ActiveCfg = Debug|Any CPU
		{86E29DFB-6B22-4311-B1BF-6CC1C125AF55}.Debug|x86.Build.0 = Debug|Any CPU
		{86E29DFB-6B22-4311-B1BF-6CC1C125AF55}.Release|Any CPU.ActiveCfg = Release|Any CPU
		{86E29DFB-6B22-4311-B1BF-6CC1C125AF55}.Release|Any CPU.Build.0 = Release|Any CPU
		{86E29DFB-6B22-4311-B1BF-6CC1C125AF55}.Release|x64.ActiveCfg = Release|Any CPU
		{86E29DFB-6B22-4311-B1BF-6CC1C125AF55}.Release|x64.Build.0 = Release|Any CPU
		{86E29DFB-6B22-4311-B1BF-6CC1C125AF55}.Release|x86.ActiveCfg = Release|Any CPU
		{86E29DFB-6B22-4311-B1BF-6CC1C125AF55}.Release|x86.Build.0 = Release|Any CPU
		{C2F625EB-9293-443F-A846-16C5142F9E88}.Debug|Any CPU.ActiveCfg = Debug|Any CPU
		{C2F625EB-9293-443F-A846-16C5142F9E88}.Debug|Any CPU.Build.0 = Debug|Any CPU
		{C2F625EB-9293-443F-A846-16C5142F9E88}.Debug|x64.ActiveCfg = Debug|Any CPU
		{C2F625EB-9293-443F-A846-16C5142F9E88}.Debug|x64.Build.0 = Debug|Any CPU
		{C2F625EB-9293-443F-A846-16C5142F9E88}.Debug|x86.ActiveCfg = Debug|Any CPU
		{C2F625EB-9293-443F-A846-16C5142F9E88}.Debug|x86.Build.0 = Debug|Any CPU
		{C2F625EB-9293-443F-A846-16C5142F9E88}.Release|Any CPU.ActiveCfg = Release|Any CPU
		{C2F625EB-9293-443F-A846-16C5142F9E88}.Release|Any CPU.Build.0 = Release|Any CPU
		{C2F625EB-9293-443F-A846-16C5142F9E88}.Release|x64.ActiveCfg = Release|Any CPU
		{C2F625EB-9293-443F-A846-16C5142F9E88}.Release|x64.Build.0 = Release|Any CPU
		{C2F625EB-9293-443F-A846-16C5142F9E88}.Release|x86.ActiveCfg = Release|Any CPU
		{C2F625EB-9293-443F-A846-16C5142F9E88}.Release|x86.Build.0 = Release|Any CPU
		{34583C52-20D8-4065-A314-804AFD21783C}.Debug|Any CPU.ActiveCfg = Debug|Any CPU
		{34583C52-20D8-4065-A314-804AFD21783C}.Debug|Any CPU.Build.0 = Debug|Any CPU
		{34583C52-20D8-4065-A314-804AFD21783C}.Debug|x64.ActiveCfg = Debug|Any CPU
		{34583C52-20D8-4065-A314-804AFD21783C}.Debug|x64.Build.0 = Debug|Any CPU
		{34583C52-20D8-4065-A314-804AFD21783C}.Debug|x86.ActiveCfg = Debug|Any CPU
		{34583C52-20D8-4065-A314-804AFD21783C}.Debug|x86.Build.0 = Debug|Any CPU
		{34583C52-20D8-4065-A314-804AFD21783C}.Release|Any CPU.ActiveCfg = Release|Any CPU
		{34583C52-20D8-4065-A314-804AFD21783C}.Release|Any CPU.Build.0 = Release|Any CPU
		{34583C52-20D8-4065-A314-804AFD21783C}.Release|x64.ActiveCfg = Release|Any CPU
		{34583C52-20D8-4065-A314-804AFD21783C}.Release|x64.Build.0 = Release|Any CPU
		{34583C52-20D8-4065-A314-804AFD21783C}.Release|x86.ActiveCfg = Release|Any CPU
		{34583C52-20D8-4065-A314-804AFD21783C}.Release|x86.Build.0 = Release|Any CPU
		{B72A146D-719D-4E2A-B931-C2ACBA72EF4F}.Debug|Any CPU.ActiveCfg = Debug|Any CPU
		{B72A146D-719D-4E2A-B931-C2ACBA72EF4F}.Debug|Any CPU.Build.0 = Debug|Any CPU
		{B72A146D-719D-4E2A-B931-C2ACBA72EF4F}.Debug|x64.ActiveCfg = Debug|Any CPU
		{B72A146D-719D-4E2A-B931-C2ACBA72EF4F}.Debug|x64.Build.0 = Debug|Any CPU
		{B72A146D-719D-4E2A-B931-C2ACBA72EF4F}.Debug|x86.ActiveCfg = Debug|Any CPU
		{B72A146D-719D-4E2A-B931-C2ACBA72EF4F}.Debug|x86.Build.0 = Debug|Any CPU
		{B72A146D-719D-4E2A-B931-C2ACBA72EF4F}.Release|Any CPU.ActiveCfg = Release|Any CPU
		{B72A146D-719D-4E2A-B931-C2ACBA72EF4F}.Release|Any CPU.Build.0 = Release|Any CPU
		{B72A146D-719D-4E2A-B931-C2ACBA72EF4F}.Release|x64.ActiveCfg = Release|Any CPU
		{B72A146D-719D-4E2A-B931-C2ACBA72EF4F}.Release|x64.Build.0 = Release|Any CPU
		{B72A146D-719D-4E2A-B931-C2ACBA72EF4F}.Release|x86.ActiveCfg = Release|Any CPU
		{B72A146D-719D-4E2A-B931-C2ACBA72EF4F}.Release|x86.Build.0 = Release|Any CPU
		{9B411E76-B25E-4BA8-98F2-2C96AE979686}.Debug|Any CPU.ActiveCfg = Debug|Any CPU
		{9B411E76-B25E-4BA8-98F2-2C96AE979686}.Debug|Any CPU.Build.0 = Debug|Any CPU
		{9B411E76-B25E-4BA8-98F2-2C96AE979686}.Debug|x64.ActiveCfg = Debug|Any CPU
		{9B411E76-B25E-4BA8-98F2-2C96AE979686}.Debug|x64.Build.0 = Debug|Any CPU
		{9B411E76-B25E-4BA8-98F2-2C96AE979686}.Debug|x86.ActiveCfg = Debug|Any CPU
		{9B411E76-B25E-4BA8-98F2-2C96AE979686}.Debug|x86.Build.0 = Debug|Any CPU
		{9B411E76-B25E-4BA8-98F2-2C96AE979686}.Release|Any CPU.ActiveCfg = Release|Any CPU
		{9B411E76-B25E-4BA8-98F2-2C96AE979686}.Release|Any CPU.Build.0 = Release|Any CPU
		{9B411E76-B25E-4BA8-98F2-2C96AE979686}.Release|x64.ActiveCfg = Release|Any CPU
		{9B411E76-B25E-4BA8-98F2-2C96AE979686}.Release|x64.Build.0 = Release|Any CPU
		{9B411E76-B25E-4BA8-98F2-2C96AE979686}.Release|x86.ActiveCfg = Release|Any CPU
		{9B411E76-B25E-4BA8-98F2-2C96AE979686}.Release|x86.Build.0 = Release|Any CPU
	EndGlobalSection
	GlobalSection(SolutionProperties) = preSolution
		HideSolutionNode = FALSE
	EndGlobalSection
	GlobalSection(NestedProjects) = preSolution
		{15FC71FC-4A65-6CB1-9BC1-643F48D80639} = {F95F473B-E98A-ACD6-1986-755F447BE36F}
		{9F856603-52D5-E1B8-657B-994E194BE88D} = {15FC71FC-4A65-6CB1-9BC1-643F48D80639}
		{398A58DC-239A-435A-A0D5-9E447484B723} = {9F856603-52D5-E1B8-657B-994E194BE88D}
		{245B9C40-E4F7-47CB-96C8-E027078FE1B5} = {9F856603-52D5-E1B8-657B-994E194BE88D}
		{41490E96-3883-4814-A986-58C8E74003BA} = {9F856603-52D5-E1B8-657B-994E194BE88D}
		{17DF9009-3BEE-44A8-86CB-8A06BAA83DD2} = {9F856603-52D5-E1B8-657B-994E194BE88D}
		{C55D0344-55B1-4BDD-B677-5CF1A01EFE3F} = {9F856603-52D5-E1B8-657B-994E194BE88D}
		{826C1802-3602-4CED-A756-8396A9DECAA0} = {9F856603-52D5-E1B8-657B-994E194BE88D}
		{D75E924E-D328-4A47-A8E4-B1F41AD7D44C} = {9F856603-52D5-E1B8-657B-994E194BE88D}
		{DD2C50A2-E295-48D3-9A89-00F7DCA56556} = {9F856603-52D5-E1B8-657B-994E194BE88D}
		{3727DEF6-1C14-53EF-AF3C-EDAF252F0EAE} = {15FC71FC-4A65-6CB1-9BC1-643F48D80639}
		{7DE0C594-5610-4D0E-9A48-5FB197CC2510} = {3727DEF6-1C14-53EF-AF3C-EDAF252F0EAE}
		{24F37545-47E3-4AC7-8AFE-A3EE17ED44AD} = {3727DEF6-1C14-53EF-AF3C-EDAF252F0EAE}
		{86E29DFB-6B22-4311-B1BF-6CC1C125AF55} = {3727DEF6-1C14-53EF-AF3C-EDAF252F0EAE}
		{C2F625EB-9293-443F-A846-16C5142F9E88} = {3727DEF6-1C14-53EF-AF3C-EDAF252F0EAE}
		{34583C52-20D8-4065-A314-804AFD21783C} = {3727DEF6-1C14-53EF-AF3C-EDAF252F0EAE}
		{7A367F74-30FD-79FF-84BD-411F9233E042} = {2CACE873-F0F8-81F3-56EC-A1F4A4ABD967}
		{9121F088-7B4C-E2C9-9976-52234130773D} = {7A367F74-30FD-79FF-84BD-411F9233E042}
		{B72A146D-719D-4E2A-B931-C2ACBA72EF4F} = {9121F088-7B4C-E2C9-9976-52234130773D}
		{58F0DDE8-66C0-7DD3-EE9D-B4ED65E00B44} = {7A367F74-30FD-79FF-84BD-411F9233E042}
		{9B411E76-B25E-4BA8-98F2-2C96AE979686} = {58F0DDE8-66C0-7DD3-EE9D-B4ED65E00B44}
	EndGlobalSection
EndGlobal
