
Microsoft Visual Studio Solution File, Format Version 12.00
# Visual Studio Version 17
VisualStudioVersion = 17.0.31903.59
MinimumVisualStudioVersion = 10.0.40219.1
Project("{2150E333-8FDC-42A3-9474-1A3956D46DE8}") = "src", "src", "{28E140BF-73D2-43D3-B999-6593A3415B3B}"
EndProject
Project("{FAE04EC0-301F-11D3-BF4B-00C04F79EFBC}") = "Altinn.Platform.Models", "src\Altinn.Platform.Models\Altinn.Platform.Models.csproj", "{B72A146D-719D-4E2A-B931-C2ACBA72EF4F}"
EndProject
Project("{2150E333-8FDC-42A3-9474-1A3956D46DE8}") = "test", "test", "{D6637FE0-022F-4392-81C2-2904E104F651}"
EndProject
Project("{FAE04EC0-301F-11D3-BF4B-00C04F79EFBC}") = "Altinn.Platform.Models.Tests", "test\Altinn.Platform.Models.Tests\Altinn.Platform.Models.Tests.csproj", "{9CD61F01-30D1-47E9-AADC-B7EA449D0A7A}"
EndProject
Global
	GlobalSection(SolutionConfigurationPlatforms) = preSolution
		Debug|Any CPU = Debug|Any CPU
		Debug|x64 = Debug|x64
		Debug|x86 = Debug|x86
		Release|Any CPU = Release|Any CPU
		Release|x64 = Release|x64
		Release|x86 = Release|x86
	EndGlobalSection
	GlobalSection(ProjectConfigurationPlatforms) = postSolution
		{B72A146D-719D-4E2A-B931-C2ACBA72EF4F}.Debug|Any CPU.ActiveCfg = Debug|Any CPU
		{B72A146D-719D-4E2A-B931-C2ACBA72EF4F}.Debug|Any CPU.Build.0 = Debug|Any CPU
		{B72A146D-719D-4E2A-B931-C2ACBA72EF4F}.Debug|x64.ActiveCfg = Debug|Any CPU
		{B72A146D-719D-4E2A-B931-C2ACBA72EF4F}.Debug|x64.Build.0 = Debug|Any CPU
		{B72A146D-719D-4E2A-B931-C2ACBA72EF4F}.Debug|x86.ActiveCfg = Debug|Any CPU
		{B72A146D-719D-4E2A-B931-C2ACBA72EF4F}.Debug|x86.Build.0 = Debug|Any CPU
		{B72A146D-719D-4E2A-B931-C2ACBA72EF4F}.Release|Any CPU.ActiveCfg = Release|Any CPU
		{B72A146D-719D-4E2A-B931-C2ACBA72EF4F}.Release|Any CPU.Build.0 = Release|Any CPU
		{B72A146D-719D-4E2A-B931-C2ACBA72EF4F}.Release|x64.ActiveCfg = Release|Any CPU
		{B72A146D-719D-4E2A-B931-C2ACBA72EF4F}.Release|x64.Build.0 = Release|Any CPU
		{B72A146D-719D-4E2A-B931-C2ACBA72EF4F}.Release|x86.ActiveCfg = Release|Any CPU
		{B72A146D-719D-4E2A-B931-C2ACBA72EF4F}.Release|x86.Build.0 = Release|Any CPU
		{9CD61F01-30D1-47E9-AADC-B7EA449D0A7A}.Debug|Any CPU.ActiveCfg = Debug|Any CPU
		{9CD61F01-30D1-47E9-AADC-B7EA449D0A7A}.Debug|Any CPU.Build.0 = Debug|Any CPU
		{9CD61F01-30D1-47E9-AADC-B7EA449D0A7A}.Debug|x64.ActiveCfg = Debug|Any CPU
		{9CD61F01-30D1-47E9-AADC-B7EA449D0A7A}.Debug|x64.Build.0 = Debug|Any CPU
		{9CD61F01-30D1-47E9-AADC-B7EA449D0A7A}.Debug|x86.ActiveCfg = Debug|Any CPU
		{9CD61F01-30D1-47E9-AADC-B7EA449D0A7A}.Debug|x86.Build.0 = Debug|Any CPU
		{9CD61F01-30D1-47E9-AADC-B7EA449D0A7A}.Release|Any CPU.ActiveCfg = Release|Any CPU
		{9CD61F01-30D1-47E9-AADC-B7EA449D0A7A}.Release|Any CPU.Build.0 = Release|Any CPU
		{9CD61F01-30D1-47E9-AADC-B7EA449D0A7A}.Release|x64.ActiveCfg = Release|Any CPU
		{9CD61F01-30D1-47E9-AADC-B7EA449D0A7A}.Release|x64.Build.0 = Release|Any CPU
		{9CD61F01-30D1-47E9-AADC-B7EA449D0A7A}.Release|x86.ActiveCfg = Release|Any CPU
		{9CD61F01-30D1-47E9-AADC-B7EA449D0A7A}.Release|x86.Build.0 = Release|Any CPU
	EndGlobalSection
	GlobalSection(SolutionProperties) = preSolution
		HideSolutionNode = FALSE
	EndGlobalSection
	GlobalSection(NestedProjects) = preSolution
		{B72A146D-719D-4E2A-B931-C2ACBA72EF4F} = {28E140BF-73D2-43D3-B999-6593A3415B3B}
		{9CD61F01-30D1-47E9-AADC-B7EA449D0A7A} = {D6637FE0-022F-4392-81C2-2904E104F651}
	EndGlobalSection
EndGlobal
