
Microsoft Visual Studio Solution File, Format Version 12.00
# Visual Studio Version 17
VisualStudioVersion = 17.0.31903.59
MinimumVisualStudioVersion = 10.0.40219.1
Project("{2150E333-8FDC-42A3-9474-1A3956D46DE8}") = "src", "src", "{827E0CD3-B72D-47B6-A68D-7590B98EB39B}"
EndProject
Project("{FAE04EC0-301F-11D3-BF4B-00C04F79EFBC}") = "Altinn.Register.AppHost", "src\Altinn.Register.AppHost\Altinn.Register.AppHost.csproj", "{A1B2D380-FA03-4632-868B-838085D2D809}"
EndProject
Project("{FAE04EC0-301F-11D3-BF4B-00C04F79EFBC}") = "Altinn.Register", "src\Altinn.Register\Altinn.Register.csproj", "{245B9C40-E4F7-47CB-96C8-E027078FE1B5}"
EndProject
Project("{FAE04EC0-301F-11D3-BF4B-00C04F79EFBC}") = "Altinn.Register.Contracts", "src\Altinn.Register.Contracts\Altinn.Register.Contracts.csproj", "{E0941154-CE2C-43F3-A190-096AB0F821E6}"
EndProject
Project("{FAE04EC0-301F-11D3-BF4B-00C04F79EFBC}") = "Altinn.Register.Core", "src\Altinn.Register.Core\Altinn.Register.Core.csproj", "{D1BF710B-F9D4-41B4-ACED-D0344AD00A27}"
EndProject
Project("{FAE04EC0-301F-11D3-BF4B-00C04F79EFBC}") = "Altinn.Register.Persistence", "src\Altinn.Register.Persistence\Altinn.Register.Persistence.csproj", "{78A11283-B465-47D7-981E-16972128DE6E}"
EndProject
Project("{FAE04EC0-301F-11D3-BF4B-00C04F79EFBC}") = "Altinn.Authorization.Aspire.Npgsql", "src\Aspire.Npgsql\Altinn.Authorization.Aspire.Npgsql.csproj", "{00F8C8D1-F694-493F-BD7D-F251DBDA19FB}"
EndProject
Project("{FAE04EC0-301F-11D3-BF4B-00C04F79EFBC}") = "Altinn.Authorization.ServiceDefaults.MassTransit", "src\ServiceDefaults.MassTransit\Altinn.Authorization.ServiceDefaults.MassTransit.csproj", "{1FF83C40-4DC2-41DD-9A93-87DD6E4C0916}"
EndProject
Project("{FAE04EC0-301F-11D3-BF4B-00C04F79EFBC}") = "Altinn.Authorization.ServiceDefaults.MassTransit.Abstractions", "src\ServiceDefaults.MassTransit.Abstractions\Altinn.Authorization.ServiceDefaults.MassTransit.Abstractions.csproj", "{E47E5BFF-308A-4116-936A-69EC8261DE47}"
EndProject
Project("{2150E333-8FDC-42A3-9474-1A3956D46DE8}") = "test", "test", "{0C88DD14-F956-CE84-757C-A364CCF449FC}"
EndProject
Project("{FAE04EC0-301F-11D3-BF4B-00C04F79EFBC}") = "Altinn.Register.IntegrationTests", "test\Altinn.Register.IntegrationTests\Altinn.Register.IntegrationTests.csproj", "{CA4D427B-2D9E-4FD9-A8EE-34E9F3C041D5}"
EndProject
Project("{FAE04EC0-301F-11D3-BF4B-00C04F79EFBC}") = "Altinn.Register.Persistence.Tests", "test\Altinn.Register.Persistence.Tests\Altinn.Register.Persistence.Tests.csproj", "{842BCFEC-EA18-4C6D-9770-3D489D6708A3}"
EndProject
Project("{FAE04EC0-301F-11D3-BF4B-00C04F79EFBC}") = "Altinn.Register.TestUtils.V2", "test\Altinn.Register.TestUtils.V2\Altinn.Register.TestUtils.V2.csproj", "{9937688A-E0F1-431E-A893-37408E9D49EC}"
EndProject
Project("{FAE04EC0-301F-11D3-BF4B-00C04F79EFBC}") = "Altinn.Register.Tests", "test\Altinn.Register.Tests\Altinn.Register.Tests.csproj", "{ED66E501-61F4-4A27-A321-28443CEFFD3B}"
EndProject
Project("{FAE04EC0-301F-11D3-BF4B-00C04F79EFBC}") = "Altinn.Register.TestUtils.V3", "test\Altinn.Register.TestUtils.V3\Altinn.Register.TestUtils.V3.csproj", "{F0FA3CEB-5382-4F1F-9574-72861F42E5A9}"
EndProject
Project("{2150E333-8FDC-42A3-9474-1A3956D46DE8}") = "pkgs", "pkgs", "{9D04EDA7-9286-9C38-2C42-87A0303CF8B9}"
EndProject
Project("{2150E333-8FDC-42A3-9474-1A3956D46DE8}") = "Altinn.Platform.Models", "Altinn.Platform.Models", "{B8223183-886C-39A0-135C-6E87F3B46159}"
EndProject
Project("{FAE04EC0-301F-11D3-BF4B-00C04F79EFBC}") = "Altinn.Platform.Models", "..\..\pkgs\Altinn.Platform.Models\src\Altinn.Platform.Models\Altinn.Platform.Models.csproj", "{B72A146D-719D-4E2A-B931-C2ACBA72EF4F}"
EndProject
Global
	GlobalSection(SolutionConfigurationPlatforms) = preSolution
		Debug|Any CPU = Debug|Any CPU
		Debug|x64 = Debug|x64
		Debug|x86 = Debug|x86
		Release|Any CPU = Release|Any CPU
		Release|x64 = Release|x64
		Release|x86 = Release|x86
	EndGlobalSection
	GlobalSection(ProjectConfigurationPlatforms) = postSolution
		{A1B2D380-FA03-4632-868B-838085D2D809}.Debug|Any CPU.ActiveCfg = Debug|Any CPU
		{A1B2D380-FA03-4632-868B-838085D2D809}.Debug|Any CPU.Build.0 = Debug|Any CPU
		{A1B2D380-FA03-4632-868B-838085D2D809}.Debug|x64.ActiveCfg = Debug|Any CPU
		{A1B2D380-FA03-4632-868B-838085D2D809}.Debug|x64.Build.0 = Debug|Any CPU
		{A1B2D380-FA03-4632-868B-838085D2D809}.Debug|x86.ActiveCfg = Debug|Any CPU
		{A1B2D380-FA03-4632-868B-838085D2D809}.Debug|x86.Build.0 = Debug|Any CPU
		{A1B2D380-FA03-4632-868B-838085D2D809}.Release|Any CPU.ActiveCfg = Release|Any CPU
		{A1B2D380-FA03-4632-868B-838085D2D809}.Release|Any CPU.Build.0 = Release|Any CPU
		{A1B2D380-FA03-4632-868B-838085D2D809}.Release|x64.ActiveCfg = Release|Any CPU
		{A1B2D380-FA03-4632-868B-838085D2D809}.Release|x64.Build.0 = Release|Any CPU
		{A1B2D380-FA03-4632-868B-838085D2D809}.Release|x86.ActiveCfg = Release|Any CPU
		{A1B2D380-FA03-4632-868B-838085D2D809}.Release|x86.Build.0 = Release|Any CPU
		{245B9C40-E4F7-47CB-96C8-E027078FE1B5}.Debug|Any CPU.ActiveCfg = Debug|Any CPU
		{245B9C40-E4F7-47CB-96C8-E027078FE1B5}.Debug|Any CPU.Build.0 = Debug|Any CPU
		{245B9C40-E4F7-47CB-96C8-E027078FE1B5}.Debug|x64.ActiveCfg = Debug|Any CPU
		{245B9C40-E4F7-47CB-96C8-E027078FE1B5}.Debug|x64.Build.0 = Debug|Any CPU
		{245B9C40-E4F7-47CB-96C8-E027078FE1B5}.Debug|x86.ActiveCfg = Debug|Any CPU
		{245B9C40-E4F7-47CB-96C8-E027078FE1B5}.Debug|x86.Build.0 = Debug|Any CPU
		{245B9C40-E4F7-47CB-96C8-E027078FE1B5}.Release|Any CPU.ActiveCfg = Release|Any CPU
		{245B9C40-E4F7-47CB-96C8-E027078FE1B5}.Release|Any CPU.Build.0 = Release|Any CPU
		{245B9C40-E4F7-47CB-96C8-E027078FE1B5}.Release|x64.ActiveCfg = Release|Any CPU
		{245B9C40-E4F7-47CB-96C8-E027078FE1B5}.Release|x64.Build.0 = Release|Any CPU
		{245B9C40-E4F7-47CB-96C8-E027078FE1B5}.Release|x86.ActiveCfg = Release|Any CPU
		{245B9C40-E4F7-47CB-96C8-E027078FE1B5}.Release|x86.Build.0 = Release|Any CPU
		{E0941154-CE2C-43F3-A190-096AB0F821E6}.Debug|Any CPU.ActiveCfg = Debug|Any CPU
		{E0941154-CE2C-43F3-A190-096AB0F821E6}.Debug|Any CPU.Build.0 = Debug|Any CPU
		{E0941154-CE2C-43F3-A190-096AB0F821E6}.Debug|x64.ActiveCfg = Debug|Any CPU
		{E0941154-CE2C-43F3-A190-096AB0F821E6}.Debug|x64.Build.0 = Debug|Any CPU
		{E0941154-CE2C-43F3-A190-096AB0F821E6}.Debug|x86.ActiveCfg = Debug|Any CPU
		{E0941154-CE2C-43F3-A190-096AB0F821E6}.Debug|x86.Build.0 = Debug|Any CPU
		{E0941154-CE2C-43F3-A190-096AB0F821E6}.Release|Any CPU.ActiveCfg = Release|Any CPU
		{E0941154-CE2C-43F3-A190-096AB0F821E6}.Release|Any CPU.Build.0 = Release|Any CPU
		{E0941154-CE2C-43F3-A190-096AB0F821E6}.Release|x64.ActiveCfg = Release|Any CPU
		{E0941154-CE2C-43F3-A190-096AB0F821E6}.Release|x64.Build.0 = Release|Any CPU
		{E0941154-CE2C-43F3-A190-096AB0F821E6}.Release|x86.ActiveCfg = Release|Any CPU
		{E0941154-CE2C-43F3-A190-096AB0F821E6}.Release|x86.Build.0 = Release|Any CPU
		{D1BF710B-F9D4-41B4-ACED-D0344AD00A27}.Debug|Any CPU.ActiveCfg = Debug|Any CPU
		{D1BF710B-F9D4-41B4-ACED-D0344AD00A27}.Debug|Any CPU.Build.0 = Debug|Any CPU
		{D1BF710B-F9D4-41B4-ACED-D0344AD00A27}.Debug|x64.ActiveCfg = Debug|Any CPU
		{D1BF710B-F9D4-41B4-ACED-D0344AD00A27}.Debug|x64.Build.0 = Debug|Any CPU
		{D1BF710B-F9D4-41B4-ACED-D0344AD00A27}.Debug|x86.ActiveCfg = Debug|Any CPU
		{D1BF710B-F9D4-41B4-ACED-D0344AD00A27}.Debug|x86.Build.0 = Debug|Any CPU
		{D1BF710B-F9D4-41B4-ACED-D0344AD00A27}.Release|Any CPU.ActiveCfg = Release|Any CPU
		{D1BF710B-F9D4-41B4-ACED-D0344AD00A27}.Release|Any CPU.Build.0 = Release|Any CPU
		{D1BF710B-F9D4-41B4-ACED-D0344AD00A27}.Release|x64.ActiveCfg = Release|Any CPU
		{D1BF710B-F9D4-41B4-ACED-D0344AD00A27}.Release|x64.Build.0 = Release|Any CPU
		{D1BF710B-F9D4-41B4-ACED-D0344AD00A27}.Release|x86.ActiveCfg = Release|Any CPU
		{D1BF710B-F9D4-41B4-ACED-D0344AD00A27}.Release|x86.Build.0 = Release|Any CPU
		{78A11283-B465-47D7-981E-16972128DE6E}.Debug|Any CPU.ActiveCfg = Debug|Any CPU
		{78A11283-B465-47D7-981E-16972128DE6E}.Debug|Any CPU.Build.0 = Debug|Any CPU
		{78A11283-B465-47D7-981E-16972128DE6E}.Debug|x64.ActiveCfg = Debug|Any CPU
		{78A11283-B465-47D7-981E-16972128DE6E}.Debug|x64.Build.0 = Debug|Any CPU
		{78A11283-B465-47D7-981E-16972128DE6E}.Debug|x86.ActiveCfg = Debug|Any CPU
		{78A11283-B465-47D7-981E-16972128DE6E}.Debug|x86.Build.0 = Debug|Any CPU
		{78A11283-B465-47D7-981E-16972128DE6E}.Release|Any CPU.ActiveCfg = Release|Any CPU
		{78A11283-B465-47D7-981E-16972128DE6E}.Release|Any CPU.Build.0 = Release|Any CPU
		{78A11283-B465-47D7-981E-16972128DE6E}.Release|x64.ActiveCfg = Release|Any CPU
		{78A11283-B465-47D7-981E-16972128DE6E}.Release|x64.Build.0 = Release|Any CPU
		{78A11283-B465-47D7-981E-16972128DE6E}.Release|x86.ActiveCfg = Release|Any CPU
		{78A11283-B465-47D7-981E-16972128DE6E}.Release|x86.Build.0 = Release|Any CPU
		{00F8C8D1-F694-493F-BD7D-F251DBDA19FB}.Debug|Any CPU.ActiveCfg = Debug|Any CPU
		{00F8C8D1-F694-493F-BD7D-F251DBDA19FB}.Debug|Any CPU.Build.0 = Debug|Any CPU
		{00F8C8D1-F694-493F-BD7D-F251DBDA19FB}.Debug|x64.ActiveCfg = Debug|Any CPU
		{00F8C8D1-F694-493F-BD7D-F251DBDA19FB}.Debug|x64.Build.0 = Debug|Any CPU
		{00F8C8D1-F694-493F-BD7D-F251DBDA19FB}.Debug|x86.ActiveCfg = Debug|Any CPU
		{00F8C8D1-F694-493F-BD7D-F251DBDA19FB}.Debug|x86.Build.0 = Debug|Any CPU
		{00F8C8D1-F694-493F-BD7D-F251DBDA19FB}.Release|Any CPU.ActiveCfg = Release|Any CPU
		{00F8C8D1-F694-493F-BD7D-F251DBDA19FB}.Release|Any CPU.Build.0 = Release|Any CPU
		{00F8C8D1-F694-493F-BD7D-F251DBDA19FB}.Release|x64.ActiveCfg = Release|Any CPU
		{00F8C8D1-F694-493F-BD7D-F251DBDA19FB}.Release|x64.Build.0 = Release|Any CPU
		{00F8C8D1-F694-493F-BD7D-F251DBDA19FB}.Release|x86.ActiveCfg = Release|Any CPU
		{00F8C8D1-F694-493F-BD7D-F251DBDA19FB}.Release|x86.Build.0 = Release|Any CPU
		{1FF83C40-4DC2-41DD-9A93-87DD6E4C0916}.Debug|Any CPU.ActiveCfg = Debug|Any CPU
		{1FF83C40-4DC2-41DD-9A93-87DD6E4C0916}.Debug|Any CPU.Build.0 = Debug|Any CPU
		{1FF83C40-4DC2-41DD-9A93-87DD6E4C0916}.Debug|x64.ActiveCfg = Debug|Any CPU
		{1FF83C40-4DC2-41DD-9A93-87DD6E4C0916}.Debug|x64.Build.0 = Debug|Any CPU
		{1FF83C40-4DC2-41DD-9A93-87DD6E4C0916}.Debug|x86.ActiveCfg = Debug|Any CPU
		{1FF83C40-4DC2-41DD-9A93-87DD6E4C0916}.Debug|x86.Build.0 = Debug|Any CPU
		{1FF83C40-4DC2-41DD-9A93-87DD6E4C0916}.Release|Any CPU.ActiveCfg = Release|Any CPU
		{1FF83C40-4DC2-41DD-9A93-87DD6E4C0916}.Release|Any CPU.Build.0 = Release|Any CPU
		{1FF83C40-4DC2-41DD-9A93-87DD6E4C0916}.Release|x64.ActiveCfg = Release|Any CPU
		{1FF83C40-4DC2-41DD-9A93-87DD6E4C0916}.Release|x64.Build.0 = Release|Any CPU
		{1FF83C40-4DC2-41DD-9A93-87DD6E4C0916}.Release|x86.ActiveCfg = Release|Any CPU
		{1FF83C40-4DC2-41DD-9A93-87DD6E4C0916}.Release|x86.Build.0 = Release|Any CPU
		{E47E5BFF-308A-4116-936A-69EC8261DE47}.Debug|Any CPU.ActiveCfg = Debug|Any CPU
		{E47E5BFF-308A-4116-936A-69EC8261DE47}.Debug|Any CPU.Build.0 = Debug|Any CPU
		{E47E5BFF-308A-4116-936A-69EC8261DE47}.Debug|x64.ActiveCfg = Debug|Any CPU
		{E47E5BFF-308A-4116-936A-69EC8261DE47}.Debug|x64.Build.0 = Debug|Any CPU
		{E47E5BFF-308A-4116-936A-69EC8261DE47}.Debug|x86.ActiveCfg = Debug|Any CPU
		{E47E5BFF-308A-4116-936A-69EC8261DE47}.Debug|x86.Build.0 = Debug|Any CPU
		{E47E5BFF-308A-4116-936A-69EC8261DE47}.Release|Any CPU.ActiveCfg = Release|Any CPU
		{E47E5BFF-308A-4116-936A-69EC8261DE47}.Release|Any CPU.Build.0 = Release|Any CPU
		{E47E5BFF-308A-4116-936A-69EC8261DE47}.Release|x64.ActiveCfg = Release|Any CPU
		{E47E5BFF-308A-4116-936A-69EC8261DE47}.Release|x64.Build.0 = Release|Any CPU
		{E47E5BFF-308A-4116-936A-69EC8261DE47}.Release|x86.ActiveCfg = Release|Any CPU
		{E47E5BFF-308A-4116-936A-69EC8261DE47}.Release|x86.Build.0 = Release|Any CPU
		{CA4D427B-2D9E-4FD9-A8EE-34E9F3C041D5}.Debug|Any CPU.ActiveCfg = Debug|Any CPU
		{CA4D427B-2D9E-4FD9-A8EE-34E9F3C041D5}.Debug|Any CPU.Build.0 = Debug|Any CPU
		{CA4D427B-2D9E-4FD9-A8EE-34E9F3C041D5}.Debug|x64.ActiveCfg = Debug|Any CPU
		{CA4D427B-2D9E-4FD9-A8EE-34E9F3C041D5}.Debug|x64.Build.0 = Debug|Any CPU
		{CA4D427B-2D9E-4FD9-A8EE-34E9F3C041D5}.Debug|x86.ActiveCfg = Debug|Any CPU
		{CA4D427B-2D9E-4FD9-A8EE-34E9F3C041D5}.Debug|x86.Build.0 = Debug|Any CPU
		{CA4D427B-2D9E-4FD9-A8EE-34E9F3C041D5}.Release|Any CPU.ActiveCfg = Release|Any CPU
		{CA4D427B-2D9E-4FD9-A8EE-34E9F3C041D5}.Release|Any CPU.Build.0 = Release|Any CPU
		{CA4D427B-2D9E-4FD9-A8EE-34E9F3C041D5}.Release|x64.ActiveCfg = Release|Any CPU
		{CA4D427B-2D9E-4FD9-A8EE-34E9F3C041D5}.Release|x64.Build.0 = Release|Any CPU
		{CA4D427B-2D9E-4FD9-A8EE-34E9F3C041D5}.Release|x86.ActiveCfg = Release|Any CPU
		{CA4D427B-2D9E-4FD9-A8EE-34E9F3C041D5}.Release|x86.Build.0 = Release|Any CPU
		{842BCFEC-EA18-4C6D-9770-3D489D6708A3}.Debug|Any CPU.ActiveCfg = Debug|Any CPU
		{842BCFEC-EA18-4C6D-9770-3D489D6708A3}.Debug|Any CPU.Build.0 = Debug|Any CPU
		{842BCFEC-EA18-4C6D-9770-3D489D6708A3}.Debug|x64.ActiveCfg = Debug|Any CPU
		{842BCFEC-EA18-4C6D-9770-3D489D6708A3}.Debug|x64.Build.0 = Debug|Any CPU
		{842BCFEC-EA18-4C6D-9770-3D489D6708A3}.Debug|x86.ActiveCfg = Debug|Any CPU
		{842BCFEC-EA18-4C6D-9770-3D489D6708A3}.Debug|x86.Build.0 = Debug|Any CPU
		{842BCFEC-EA18-4C6D-9770-3D489D6708A3}.Release|Any CPU.ActiveCfg = Release|Any CPU
		{842BCFEC-EA18-4C6D-9770-3D489D6708A3}.Release|Any CPU.Build.0 = Release|Any CPU
		{842BCFEC-EA18-4C6D-9770-3D489D6708A3}.Release|x64.ActiveCfg = Release|Any CPU
		{842BCFEC-EA18-4C6D-9770-3D489D6708A3}.Release|x64.Build.0 = Release|Any CPU
		{842BCFEC-EA18-4C6D-9770-3D489D6708A3}.Release|x86.ActiveCfg = Release|Any CPU
		{842BCFEC-EA18-4C6D-9770-3D489D6708A3}.Release|x86.Build.0 = Release|Any CPU
		{9937688A-E0F1-431E-A893-37408E9D49EC}.Debug|Any CPU.ActiveCfg = Debug|Any CPU
		{9937688A-E0F1-431E-A893-37408E9D49EC}.Debug|Any CPU.Build.0 = Debug|Any CPU
		{9937688A-E0F1-431E-A893-37408E9D49EC}.Debug|x64.ActiveCfg = Debug|Any CPU
		{9937688A-E0F1-431E-A893-37408E9D49EC}.Debug|x64.Build.0 = Debug|Any CPU
		{9937688A-E0F1-431E-A893-37408E9D49EC}.Debug|x86.ActiveCfg = Debug|Any CPU
		{9937688A-E0F1-431E-A893-37408E9D49EC}.Debug|x86.Build.0 = Debug|Any CPU
		{9937688A-E0F1-431E-A893-37408E9D49EC}.Release|Any CPU.ActiveCfg = Release|Any CPU
		{9937688A-E0F1-431E-A893-37408E9D49EC}.Release|Any CPU.Build.0 = Release|Any CPU
		{9937688A-E0F1-431E-A893-37408E9D49EC}.Release|x64.ActiveCfg = Release|Any CPU
		{9937688A-E0F1-431E-A893-37408E9D49EC}.Release|x64.Build.0 = Release|Any CPU
		{9937688A-E0F1-431E-A893-37408E9D49EC}.Release|x86.ActiveCfg = Release|Any CPU
		{9937688A-E0F1-431E-A893-37408E9D49EC}.Release|x86.Build.0 = Release|Any CPU
		{ED66E501-61F4-4A27-A321-28443CEFFD3B}.Debug|Any CPU.ActiveCfg = Debug|Any CPU
		{ED66E501-61F4-4A27-A321-28443CEFFD3B}.Debug|Any CPU.Build.0 = Debug|Any CPU
		{ED66E501-61F4-4A27-A321-28443CEFFD3B}.Debug|x64.ActiveCfg = Debug|Any CPU
		{ED66E501-61F4-4A27-A321-28443CEFFD3B}.Debug|x64.Build.0 = Debug|Any CPU
		{ED66E501-61F4-4A27-A321-28443CEFFD3B}.Debug|x86.ActiveCfg = Debug|Any CPU
		{ED66E501-61F4-4A27-A321-28443CEFFD3B}.Debug|x86.Build.0 = Debug|Any CPU
		{ED66E501-61F4-4A27-A321-28443CEFFD3B}.Release|Any CPU.ActiveCfg = Release|Any CPU
		{ED66E501-61F4-4A27-A321-28443CEFFD3B}.Release|Any CPU.Build.0 = Release|Any CPU
		{ED66E501-61F4-4A27-A321-28443CEFFD3B}.Release|x64.ActiveCfg = Release|Any CPU
		{ED66E501-61F4-4A27-A321-28443CEFFD3B}.Release|x64.Build.0 = Release|Any CPU
		{ED66E501-61F4-4A27-A321-28443CEFFD3B}.Release|x86.ActiveCfg = Release|Any CPU
		{ED66E501-61F4-4A27-A321-28443CEFFD3B}.Release|x86.Build.0 = Release|Any CPU
		{F0FA3CEB-5382-4F1F-9574-72861F42E5A9}.Debug|Any CPU.ActiveCfg = Debug|Any CPU
		{F0FA3CEB-5382-4F1F-9574-72861F42E5A9}.Debug|Any CPU.Build.0 = Debug|Any CPU
		{F0FA3CEB-5382-4F1F-9574-72861F42E5A9}.Debug|x64.ActiveCfg = Debug|Any CPU
		{F0FA3CEB-5382-4F1F-9574-72861F42E5A9}.Debug|x64.Build.0 = Debug|Any CPU
		{F0FA3CEB-5382-4F1F-9574-72861F42E5A9}.Debug|x86.ActiveCfg = Debug|Any CPU
		{F0FA3CEB-5382-4F1F-9574-72861F42E5A9}.Debug|x86.Build.0 = Debug|Any CPU
		{F0FA3CEB-5382-4F1F-9574-72861F42E5A9}.Release|Any CPU.ActiveCfg = Release|Any CPU
		{F0FA3CEB-5382-4F1F-9574-72861F42E5A9}.Release|Any CPU.Build.0 = Release|Any CPU
		{F0FA3CEB-5382-4F1F-9574-72861F42E5A9}.Release|x64.ActiveCfg = Release|Any CPU
		{F0FA3CEB-5382-4F1F-9574-72861F42E5A9}.Release|x64.Build.0 = Release|Any CPU
		{F0FA3CEB-5382-4F1F-9574-72861F42E5A9}.Release|x86.ActiveCfg = Release|Any CPU
		{F0FA3CEB-5382-4F1F-9574-72861F42E5A9}.Release|x86.Build.0 = Release|Any CPU
		{B72A146D-719D-4E2A-B931-C2ACBA72EF4F}.Debug|Any CPU.ActiveCfg = Debug|Any CPU
		{B72A146D-719D-4E2A-B931-C2ACBA72EF4F}.Debug|Any CPU.Build.0 = Debug|Any CPU
		{B72A146D-719D-4E2A-B931-C2ACBA72EF4F}.Debug|x64.ActiveCfg = Debug|Any CPU
		{B72A146D-719D-4E2A-B931-C2ACBA72EF4F}.Debug|x64.Build.0 = Debug|Any CPU
		{B72A146D-719D-4E2A-B931-C2ACBA72EF4F}.Debug|x86.ActiveCfg = Debug|Any CPU
		{B72A146D-719D-4E2A-B931-C2ACBA72EF4F}.Debug|x86.Build.0 = Debug|Any CPU
		{B72A146D-719D-4E2A-B931-C2ACBA72EF4F}.Release|Any CPU.ActiveCfg = Release|Any CPU
		{B72A146D-719D-4E2A-B931-C2ACBA72EF4F}.Release|Any CPU.Build.0 = Release|Any CPU
		{B72A146D-719D-4E2A-B931-C2ACBA72EF4F}.Release|x64.ActiveCfg = Release|Any CPU
		{B72A146D-719D-4E2A-B931-C2ACBA72EF4F}.Release|x64.Build.0 = Release|Any CPU
		{B72A146D-719D-4E2A-B931-C2ACBA72EF4F}.Release|x86.ActiveCfg = Release|Any CPU
		{B72A146D-719D-4E2A-B931-C2ACBA72EF4F}.Release|x86.Build.0 = Release|Any CPU
	EndGlobalSection
	GlobalSection(SolutionProperties) = preSolution
		HideSolutionNode = FALSE
	EndGlobalSection
	GlobalSection(NestedProjects) = preSolution
		{A1B2D380-FA03-4632-868B-838085D2D809} = {827E0CD3-B72D-47B6-A68D-7590B98EB39B}
		{245B9C40-E4F7-47CB-96C8-E027078FE1B5} = {827E0CD3-B72D-47B6-A68D-7590B98EB39B}
		{E0941154-CE2C-43F3-A190-096AB0F821E6} = {827E0CD3-B72D-47B6-A68D-7590B98EB39B}
		{D1BF710B-F9D4-41B4-ACED-D0344AD00A27} = {827E0CD3-B72D-47B6-A68D-7590B98EB39B}
		{78A11283-B465-47D7-981E-16972128DE6E} = {827E0CD3-B72D-47B6-A68D-7590B98EB39B}
		{00F8C8D1-F694-493F-BD7D-F251DBDA19FB} = {827E0CD3-B72D-47B6-A68D-7590B98EB39B}
		{1FF83C40-4DC2-41DD-9A93-87DD6E4C0916} = {827E0CD3-B72D-47B6-A68D-7590B98EB39B}
		{E47E5BFF-308A-4116-936A-69EC8261DE47} = {827E0CD3-B72D-47B6-A68D-7590B98EB39B}
		{CA4D427B-2D9E-4FD9-A8EE-34E9F3C041D5} = {0C88DD14-F956-CE84-757C-A364CCF449FC}
		{842BCFEC-EA18-4C6D-9770-3D489D6708A3} = {0C88DD14-F956-CE84-757C-A364CCF449FC}
		{9937688A-E0F1-431E-A893-37408E9D49EC} = {0C88DD14-F956-CE84-757C-A364CCF449FC}
		{ED66E501-61F4-4A27-A321-28443CEFFD3B} = {0C88DD14-F956-CE84-757C-A364CCF449FC}
		{F0FA3CEB-5382-4F1F-9574-72861F42E5A9} = {0C88DD14-F956-CE84-757C-A364CCF449FC}
		{B8223183-886C-39A0-135C-6E87F3B46159} = {9D04EDA7-9286-9C38-2C42-87A0303CF8B9}
		{B72A146D-719D-4E2A-B931-C2ACBA72EF4F} = {B8223183-886C-39A0-135C-6E87F3B46159}
	EndGlobalSection
EndGlobal
