
Microsoft Visual Studio Solution File, Format Version 12.00
# Visual Studio Version 17
VisualStudioVersion = 17.0.31903.59
MinimumVisualStudioVersion = 10.0.40219.1
Project("{2150E333-8FDC-42A3-9474-1A3956D46DE8}") = "test", "test", "{0C88DD14-F956-CE84-757C-A364CCF449FC}"
EndProject
Project("{FAE04EC0-301F-11D3-BF4B-00C04F79EFBC}") = "Altinn.Register.Tests", "test\Altinn.Register.Tests\Altinn.Register.Tests.csproj", "{DD156D3E-DAF9-45F2-BC86-59CD389E551F}"
EndProject
Project("{FAE04EC0-301F-11D3-BF4B-00C04F79EFBC}") = "Altinn.Register.Persistence.Tests", "test\Altinn.Register.Persistence.Tests\Altinn.Register.Persistence.Tests.csproj", "{B21D05E7-1659-4B0F-9A09-0A8F636565E3}"
EndProject
Project("{FAE04EC0-301F-11D3-BF4B-00C04F79EFBC}") = "Altinn.Register.TestUtils.V2", "test\Altinn.Register.TestUtils.V2\Altinn.Register.TestUtils.V2.csproj", "{E9C90EC7-3311-4110-ABDA-D3DE0A703F23}"
EndProject
Project("{2150E333-8FDC-42A3-9474-1A3956D46DE8}") = "src", "src", "{827E0CD3-B72D-47B6-A68D-7590B98EB39B}"
EndProject
Project("{FAE04EC0-301F-11D3-BF4B-00C04F79EFBC}") = "Altinn.Register", "src\Altinn.Register\Altinn.Register.csproj", "{245B9C40-E4F7-47CB-96C8-E027078FE1B5}"
EndProject
Project("{FAE04EC0-301F-11D3-BF4B-00C04F79EFBC}") = "Altinn.Register.Contracts", "src\Altinn.Register.Contracts\Altinn.Register.Contracts.csproj", "{55C42042-25DA-4389-9DE2-126707758DAA}"
EndProject
Project("{FAE04EC0-301F-11D3-BF4B-00C04F79EFBC}") = "Altinn.Register.AppHost", "src\Altinn.Register.AppHost\Altinn.Register.AppHost.csproj", "{164BE28C-324C-4B14-8EBD-7AD1E928EAE1}"
EndProject
Project("{FAE04EC0-301F-11D3-BF4B-00C04F79EFBC}") = "Altinn.Register.Persistence", "src\Altinn.Register.Persistence\Altinn.Register.Persistence.csproj", "{E7291183-C71F-47D9-B3E0-3955403F022E}"
EndProject
Project("{FAE04EC0-301F-11D3-BF4B-00C04F79EFBC}") = "Altinn.Register.Core", "src\Altinn.Register.Core\Altinn.Register.Core.csproj", "{D74A6D66-9775-47E4-AC8A-E7E96498FCEF}"
EndProject
Project("{FAE04EC0-301F-11D3-BF4B-00C04F79EFBC}") = "Altinn.Authorization.Aspire.Npgsql", "src\Aspire.Npgsql\Altinn.Authorization.Aspire.Npgsql.csproj", "{C7EAED72-1AB1-4285-A508-A17FDB468009}"
EndProject
Project("{FAE04EC0-301F-11D3-BF4B-00C04F79EFBC}") = "Altinn.Authorization.ServiceDefaults.MassTransit.Abstractions", "src\ServiceDefaults.MassTransit.Abstractions\Altinn.Authorization.ServiceDefaults.MassTransit.Abstractions.csproj", "{FDD2A1D8-885A-472F-BC61-50C585A54772}"
EndProject
Project("{FAE04EC0-301F-11D3-BF4B-00C04F79EFBC}") = "Altinn.Authorization.ServiceDefaults.MassTransit", "src\ServiceDefaults.MassTransit\Altinn.Authorization.ServiceDefaults.MassTransit.csproj", "{084F2A5E-741F-42A8-BE2E-D9C4B7D7AE90}"
EndProject
Project("{FAE04EC0-301F-11D3-BF4B-00C04F79EFBC}") = "Altinn.Register.IntegrationTests", "test\Altinn.Register.IntegrationTests\Altinn.Register.IntegrationTests.csproj", "{BFEDD0C2-DB07-480D-AD1E-A2FA6C5FA05D}"
EndProject
Project("{FAE04EC0-301F-11D3-BF4B-00C04F79EFBC}") = "Altinn.Register.TestUtils.V3", "test\Altinn.Register.TestUtils.V3\Altinn.Register.TestUtils.V3.csproj", "{B5D80D12-1BBE-4F32-ACD3-A12B6EEB9B0F}"
EndProject
Global
	GlobalSection(SolutionConfigurationPlatforms) = preSolution
		Debug|Any CPU = Debug|Any CPU
		Debug|x64 = Debug|x64
		Debug|x86 = Debug|x86
		Release|Any CPU = Release|Any CPU
		Release|x64 = Release|x64
		Release|x86 = Release|x86
	EndGlobalSection
	GlobalSection(ProjectConfigurationPlatforms) = postSolution
		{DD156D3E-DAF9-45F2-BC86-59CD389E551F}.Debug|Any CPU.ActiveCfg = Debug|Any CPU
		{DD156D3E-DAF9-45F2-BC86-59CD389E551F}.Debug|Any CPU.Build.0 = Debug|Any CPU
		{DD156D3E-DAF9-45F2-BC86-59CD389E551F}.Debug|x64.ActiveCfg = Debug|Any CPU
		{DD156D3E-DAF9-45F2-BC86-59CD389E551F}.Debug|x64.Build.0 = Debug|Any CPU
		{DD156D3E-DAF9-45F2-BC86-59CD389E551F}.Debug|x86.ActiveCfg = Debug|Any CPU
		{DD156D3E-DAF9-45F2-BC86-59CD389E551F}.Debug|x86.Build.0 = Debug|Any CPU
		{DD156D3E-DAF9-45F2-BC86-59CD389E551F}.Release|Any CPU.ActiveCfg = Release|Any CPU
		{DD156D3E-DAF9-45F2-BC86-59CD389E551F}.Release|Any CPU.Build.0 = Release|Any CPU
		{DD156D3E-DAF9-45F2-BC86-59CD389E551F}.Release|x64.ActiveCfg = Release|Any CPU
		{DD156D3E-DAF9-45F2-BC86-59CD389E551F}.Release|x64.Build.0 = Release|Any CPU
		{DD156D3E-DAF9-45F2-BC86-59CD389E551F}.Release|x86.ActiveCfg = Release|Any CPU
		{DD156D3E-DAF9-45F2-BC86-59CD389E551F}.Release|x86.Build.0 = Release|Any CPU
		{B21D05E7-1659-4B0F-9A09-0A8F636565E3}.Debug|Any CPU.ActiveCfg = Debug|Any CPU
		{B21D05E7-1659-4B0F-9A09-0A8F636565E3}.Debug|Any CPU.Build.0 = Debug|Any CPU
		{B21D05E7-1659-4B0F-9A09-0A8F636565E3}.Debug|x64.ActiveCfg = Debug|Any CPU
		{B21D05E7-1659-4B0F-9A09-0A8F636565E3}.Debug|x64.Build.0 = Debug|Any CPU
		{B21D05E7-1659-4B0F-9A09-0A8F636565E3}.Debug|x86.ActiveCfg = Debug|Any CPU
		{B21D05E7-1659-4B0F-9A09-0A8F636565E3}.Debug|x86.Build.0 = Debug|Any CPU
		{B21D05E7-1659-4B0F-9A09-0A8F636565E3}.Release|Any CPU.ActiveCfg = Release|Any CPU
		{B21D05E7-1659-4B0F-9A09-0A8F636565E3}.Release|Any CPU.Build.0 = Release|Any CPU
		{B21D05E7-1659-4B0F-9A09-0A8F636565E3}.Release|x64.ActiveCfg = Release|Any CPU
		{B21D05E7-1659-4B0F-9A09-0A8F636565E3}.Release|x64.Build.0 = Release|Any CPU
		{B21D05E7-1659-4B0F-9A09-0A8F636565E3}.Release|x86.ActiveCfg = Release|Any CPU
		{B21D05E7-1659-4B0F-9A09-0A8F636565E3}.Release|x86.Build.0 = Release|Any CPU
		{E9C90EC7-3311-4110-ABDA-D3DE0A703F23}.Debug|Any CPU.ActiveCfg = Debug|Any CPU
		{E9C90EC7-3311-4110-ABDA-D3DE0A703F23}.Debug|Any CPU.Build.0 = Debug|Any CPU
		{E9C90EC7-3311-4110-ABDA-D3DE0A703F23}.Debug|x64.ActiveCfg = Debug|Any CPU
		{E9C90EC7-3311-4110-ABDA-D3DE0A703F23}.Debug|x64.Build.0 = Debug|Any CPU
		{E9C90EC7-3311-4110-ABDA-D3DE0A703F23}.Debug|x86.ActiveCfg = Debug|Any CPU
		{E9C90EC7-3311-4110-ABDA-D3DE0A703F23}.Debug|x86.Build.0 = Debug|Any CPU
		{E9C90EC7-3311-4110-ABDA-D3DE0A703F23}.Release|Any CPU.ActiveCfg = Release|Any CPU
		{E9C90EC7-3311-4110-ABDA-D3DE0A703F23}.Release|Any CPU.Build.0 = Release|Any CPU
		{E9C90EC7-3311-4110-ABDA-D3DE0A703F23}.Release|x64.ActiveCfg = Release|Any CPU
		{E9C90EC7-3311-4110-ABDA-D3DE0A703F23}.Release|x64.Build.0 = Release|Any CPU
		{E9C90EC7-3311-4110-ABDA-D3DE0A703F23}.Release|x86.ActiveCfg = Release|Any CPU
		{E9C90EC7-3311-4110-ABDA-D3DE0A703F23}.Release|x86.Build.0 = Release|Any CPU
		{245B9C40-E4F7-47CB-96C8-E027078FE1B5}.Debug|Any CPU.ActiveCfg = Debug|Any CPU
		{245B9C40-E4F7-47CB-96C8-E027078FE1B5}.Debug|Any CPU.Build.0 = Debug|Any CPU
		{245B9C40-E4F7-47CB-96C8-E027078FE1B5}.Debug|x64.ActiveCfg = Debug|Any CPU
		{245B9C40-E4F7-47CB-96C8-E027078FE1B5}.Debug|x64.Build.0 = Debug|Any CPU
		{245B9C40-E4F7-47CB-96C8-E027078FE1B5}.Debug|x86.ActiveCfg = Debug|Any CPU
		{245B9C40-E4F7-47CB-96C8-E027078FE1B5}.Debug|x86.Build.0 = Debug|Any CPU
		{245B9C40-E4F7-47CB-96C8-E027078FE1B5}.Release|Any CPU.ActiveCfg = Release|Any CPU
		{245B9C40-E4F7-47CB-96C8-E027078FE1B5}.Release|Any CPU.Build.0 = Release|Any CPU
		{245B9C40-E4F7-47CB-96C8-E027078FE1B5}.Release|x64.ActiveCfg = Release|Any CPU
		{245B9C40-E4F7-47CB-96C8-E027078FE1B5}.Release|x64.Build.0 = Release|Any CPU
		{245B9C40-E4F7-47CB-96C8-E027078FE1B5}.Release|x86.ActiveCfg = Release|Any CPU
		{245B9C40-E4F7-47CB-96C8-E027078FE1B5}.Release|x86.Build.0 = Release|Any CPU
		{55C42042-25DA-4389-9DE2-126707758DAA}.Debug|Any CPU.ActiveCfg = Debug|Any CPU
		{55C42042-25DA-4389-9DE2-126707758DAA}.Debug|Any CPU.Build.0 = Debug|Any CPU
		{55C42042-25DA-4389-9DE2-126707758DAA}.Debug|x64.ActiveCfg = Debug|Any CPU
		{55C42042-25DA-4389-9DE2-126707758DAA}.Debug|x64.Build.0 = Debug|Any CPU
		{55C42042-25DA-4389-9DE2-126707758DAA}.Debug|x86.ActiveCfg = Debug|Any CPU
		{55C42042-25DA-4389-9DE2-126707758DAA}.Debug|x86.Build.0 = Debug|Any CPU
		{55C42042-25DA-4389-9DE2-126707758DAA}.Release|Any CPU.ActiveCfg = Release|Any CPU
		{55C42042-25DA-4389-9DE2-126707758DAA}.Release|Any CPU.Build.0 = Release|Any CPU
		{55C42042-25DA-4389-9DE2-126707758DAA}.Release|x64.ActiveCfg = Release|Any CPU
		{55C42042-25DA-4389-9DE2-126707758DAA}.Release|x64.Build.0 = Release|Any CPU
		{55C42042-25DA-4389-9DE2-126707758DAA}.Release|x86.ActiveCfg = Release|Any CPU
		{55C42042-25DA-4389-9DE2-126707758DAA}.Release|x86.Build.0 = Release|Any CPU
		{164BE28C-324C-4B14-8EBD-7AD1E928EAE1}.Debug|Any CPU.ActiveCfg = Debug|Any CPU
		{164BE28C-324C-4B14-8EBD-7AD1E928EAE1}.Debug|Any CPU.Build.0 = Debug|Any CPU
		{164BE28C-324C-4B14-8EBD-7AD1E928EAE1}.Debug|x64.ActiveCfg = Debug|Any CPU
		{164BE28C-324C-4B14-8EBD-7AD1E928EAE1}.Debug|x64.Build.0 = Debug|Any CPU
		{164BE28C-324C-4B14-8EBD-7AD1E928EAE1}.Debug|x86.ActiveCfg = Debug|Any CPU
		{164BE28C-324C-4B14-8EBD-7AD1E928EAE1}.Debug|x86.Build.0 = Debug|Any CPU
		{164BE28C-324C-4B14-8EBD-7AD1E928EAE1}.Release|Any CPU.ActiveCfg = Release|Any CPU
		{164BE28C-324C-4B14-8EBD-7AD1E928EAE1}.Release|Any CPU.Build.0 = Release|Any CPU
		{164BE28C-324C-4B14-8EBD-7AD1E928EAE1}.Release|x64.ActiveCfg = Release|Any CPU
		{164BE28C-324C-4B14-8EBD-7AD1E928EAE1}.Release|x64.Build.0 = Release|Any CPU
		{164BE28C-324C-4B14-8EBD-7AD1E928EAE1}.Release|x86.ActiveCfg = Release|Any CPU
		{164BE28C-324C-4B14-8EBD-7AD1E928EAE1}.Release|x86.Build.0 = Release|Any CPU
		{E7291183-C71F-47D9-B3E0-3955403F022E}.Debug|Any CPU.ActiveCfg = Debug|Any CPU
		{E7291183-C71F-47D9-B3E0-3955403F022E}.Debug|Any CPU.Build.0 = Debug|Any CPU
		{E7291183-C71F-47D9-B3E0-3955403F022E}.Debug|x64.ActiveCfg = Debug|Any CPU
		{E7291183-C71F-47D9-B3E0-3955403F022E}.Debug|x64.Build.0 = Debug|Any CPU
		{E7291183-C71F-47D9-B3E0-3955403F022E}.Debug|x86.ActiveCfg = Debug|Any CPU
		{E7291183-C71F-47D9-B3E0-3955403F022E}.Debug|x86.Build.0 = Debug|Any CPU
		{E7291183-C71F-47D9-B3E0-3955403F022E}.Release|Any CPU.ActiveCfg = Release|Any CPU
		{E7291183-C71F-47D9-B3E0-3955403F022E}.Release|Any CPU.Build.0 = Release|Any CPU
		{E7291183-C71F-47D9-B3E0-3955403F022E}.Release|x64.ActiveCfg = Release|Any CPU
		{E7291183-C71F-47D9-B3E0-3955403F022E}.Release|x64.Build.0 = Release|Any CPU
		{E7291183-C71F-47D9-B3E0-3955403F022E}.Release|x86.ActiveCfg = Release|Any CPU
		{E7291183-C71F-47D9-B3E0-3955403F022E}.Release|x86.Build.0 = Release|Any CPU
		{D74A6D66-9775-47E4-AC8A-E7E96498FCEF}.Debug|Any CPU.ActiveCfg = Debug|Any CPU
		{D74A6D66-9775-47E4-AC8A-E7E96498FCEF}.Debug|Any CPU.Build.0 = Debug|Any CPU
		{D74A6D66-9775-47E4-AC8A-E7E96498FCEF}.Debug|x64.ActiveCfg = Debug|Any CPU
		{D74A6D66-9775-47E4-AC8A-E7E96498FCEF}.Debug|x64.Build.0 = Debug|Any CPU
		{D74A6D66-9775-47E4-AC8A-E7E96498FCEF}.Debug|x86.ActiveCfg = Debug|Any CPU
		{D74A6D66-9775-47E4-AC8A-E7E96498FCEF}.Debug|x86.Build.0 = Debug|Any CPU
		{D74A6D66-9775-47E4-AC8A-E7E96498FCEF}.Release|Any CPU.ActiveCfg = Release|Any CPU
		{D74A6D66-9775-47E4-AC8A-E7E96498FCEF}.Release|Any CPU.Build.0 = Release|Any CPU
		{D74A6D66-9775-47E4-AC8A-E7E96498FCEF}.Release|x64.ActiveCfg = Release|Any CPU
		{D74A6D66-9775-47E4-AC8A-E7E96498FCEF}.Release|x64.Build.0 = Release|Any CPU
		{D74A6D66-9775-47E4-AC8A-E7E96498FCEF}.Release|x86.ActiveCfg = Release|Any CPU
		{D74A6D66-9775-47E4-AC8A-E7E96498FCEF}.Release|x86.Build.0 = Release|Any CPU
		{C7EAED72-1AB1-4285-A508-A17FDB468009}.Debug|Any CPU.ActiveCfg = Debug|Any CPU
		{C7EAED72-1AB1-4285-A508-A17FDB468009}.Debug|Any CPU.Build.0 = Debug|Any CPU
		{C7EAED72-1AB1-4285-A508-A17FDB468009}.Debug|x64.ActiveCfg = Debug|Any CPU
		{C7EAED72-1AB1-4285-A508-A17FDB468009}.Debug|x64.Build.0 = Debug|Any CPU
		{C7EAED72-1AB1-4285-A508-A17FDB468009}.Debug|x86.ActiveCfg = Debug|Any CPU
		{C7EAED72-1AB1-4285-A508-A17FDB468009}.Debug|x86.Build.0 = Debug|Any CPU
		{C7EAED72-1AB1-4285-A508-A17FDB468009}.Release|Any CPU.ActiveCfg = Release|Any CPU
		{C7EAED72-1AB1-4285-A508-A17FDB468009}.Release|Any CPU.Build.0 = Release|Any CPU
		{C7EAED72-1AB1-4285-A508-A17FDB468009}.Release|x64.ActiveCfg = Release|Any CPU
		{C7EAED72-1AB1-4285-A508-A17FDB468009}.Release|x64.Build.0 = Release|Any CPU
		{C7EAED72-1AB1-4285-A508-A17FDB468009}.Release|x86.ActiveCfg = Release|Any CPU
		{C7EAED72-1AB1-4285-A508-A17FDB468009}.Release|x86.Build.0 = Release|Any CPU
		{FDD2A1D8-885A-472F-BC61-50C585A54772}.Debug|Any CPU.ActiveCfg = Debug|Any CPU
		{FDD2A1D8-885A-472F-BC61-50C585A54772}.Debug|Any CPU.Build.0 = Debug|Any CPU
		{FDD2A1D8-885A-472F-BC61-50C585A54772}.Debug|x64.ActiveCfg = Debug|Any CPU
		{FDD2A1D8-885A-472F-BC61-50C585A54772}.Debug|x64.Build.0 = Debug|Any CPU
		{FDD2A1D8-885A-472F-BC61-50C585A54772}.Debug|x86.ActiveCfg = Debug|Any CPU
		{FDD2A1D8-885A-472F-BC61-50C585A54772}.Debug|x86.Build.0 = Debug|Any CPU
		{FDD2A1D8-885A-472F-BC61-50C585A54772}.Release|Any CPU.ActiveCfg = Release|Any CPU
		{FDD2A1D8-885A-472F-BC61-50C585A54772}.Release|Any CPU.Build.0 = Release|Any CPU
		{FDD2A1D8-885A-472F-BC61-50C585A54772}.Release|x64.ActiveCfg = Release|Any CPU
		{FDD2A1D8-885A-472F-BC61-50C585A54772}.Release|x64.Build.0 = Release|Any CPU
		{FDD2A1D8-885A-472F-BC61-50C585A54772}.Release|x86.ActiveCfg = Release|Any CPU
		{FDD2A1D8-885A-472F-BC61-50C585A54772}.Release|x86.Build.0 = Release|Any CPU
		{084F2A5E-741F-42A8-BE2E-D9C4B7D7AE90}.Debug|Any CPU.ActiveCfg = Debug|Any CPU
		{084F2A5E-741F-42A8-BE2E-D9C4B7D7AE90}.Debug|Any CPU.Build.0 = Debug|Any CPU
		{084F2A5E-741F-42A8-BE2E-D9C4B7D7AE90}.Debug|x64.ActiveCfg = Debug|Any CPU
		{084F2A5E-741F-42A8-BE2E-D9C4B7D7AE90}.Debug|x64.Build.0 = Debug|Any CPU
		{084F2A5E-741F-42A8-BE2E-D9C4B7D7AE90}.Debug|x86.ActiveCfg = Debug|Any CPU
		{084F2A5E-741F-42A8-BE2E-D9C4B7D7AE90}.Debug|x86.Build.0 = Debug|Any CPU
		{084F2A5E-741F-42A8-BE2E-D9C4B7D7AE90}.Release|Any CPU.ActiveCfg = Release|Any CPU
		{084F2A5E-741F-42A8-BE2E-D9C4B7D7AE90}.Release|Any CPU.Build.0 = Release|Any CPU
		{084F2A5E-741F-42A8-BE2E-D9C4B7D7AE90}.Release|x64.ActiveCfg = Release|Any CPU
		{084F2A5E-741F-42A8-BE2E-D9C4B7D7AE90}.Release|x64.Build.0 = Release|Any CPU
		{084F2A5E-741F-42A8-BE2E-D9C4B7D7AE90}.Release|x86.ActiveCfg = Release|Any CPU
		{084F2A5E-741F-42A8-BE2E-D9C4B7D7AE90}.Release|x86.Build.0 = Release|Any CPU
		{BFEDD0C2-DB07-480D-AD1E-A2FA6C5FA05D}.Debug|Any CPU.ActiveCfg = Debug|Any CPU
		{BFEDD0C2-DB07-480D-AD1E-A2FA6C5FA05D}.Debug|Any CPU.Build.0 = Debug|Any CPU
		{BFEDD0C2-DB07-480D-AD1E-A2FA6C5FA05D}.Debug|x64.ActiveCfg = Debug|Any CPU
		{BFEDD0C2-DB07-480D-AD1E-A2FA6C5FA05D}.Debug|x64.Build.0 = Debug|Any CPU
		{BFEDD0C2-DB07-480D-AD1E-A2FA6C5FA05D}.Debug|x86.ActiveCfg = Debug|Any CPU
		{BFEDD0C2-DB07-480D-AD1E-A2FA6C5FA05D}.Debug|x86.Build.0 = Debug|Any CPU
		{BFEDD0C2-DB07-480D-AD1E-A2FA6C5FA05D}.Release|Any CPU.ActiveCfg = Release|Any CPU
		{BFEDD0C2-DB07-480D-AD1E-A2FA6C5FA05D}.Release|Any CPU.Build.0 = Release|Any CPU
		{BFEDD0C2-DB07-480D-AD1E-A2FA6C5FA05D}.Release|x64.ActiveCfg = Release|Any CPU
		{BFEDD0C2-DB07-480D-AD1E-A2FA6C5FA05D}.Release|x64.Build.0 = Release|Any CPU
		{BFEDD0C2-DB07-480D-AD1E-A2FA6C5FA05D}.Release|x86.ActiveCfg = Release|Any CPU
		{BFEDD0C2-DB07-480D-AD1E-A2FA6C5FA05D}.Release|x86.Build.0 = Release|Any CPU
		{B5D80D12-1BBE-4F32-ACD3-A12B6EEB9B0F}.Debug|Any CPU.ActiveCfg = Debug|Any CPU
		{B5D80D12-1BBE-4F32-ACD3-A12B6EEB9B0F}.Debug|Any CPU.Build.0 = Debug|Any CPU
		{B5D80D12-1BBE-4F32-ACD3-A12B6EEB9B0F}.Debug|x64.ActiveCfg = Debug|Any CPU
		{B5D80D12-1BBE-4F32-ACD3-A12B6EEB9B0F}.Debug|x64.Build.0 = Debug|Any CPU
		{B5D80D12-1BBE-4F32-ACD3-A12B6EEB9B0F}.Debug|x86.ActiveCfg = Debug|Any CPU
		{B5D80D12-1BBE-4F32-ACD3-A12B6EEB9B0F}.Debug|x86.Build.0 = Debug|Any CPU
		{B5D80D12-1BBE-4F32-ACD3-A12B6EEB9B0F}.Release|Any CPU.ActiveCfg = Release|Any CPU
		{B5D80D12-1BBE-4F32-ACD3-A12B6EEB9B0F}.Release|Any CPU.Build.0 = Release|Any CPU
		{B5D80D12-1BBE-4F32-ACD3-A12B6EEB9B0F}.Release|x64.ActiveCfg = Release|Any CPU
		{B5D80D12-1BBE-4F32-ACD3-A12B6EEB9B0F}.Release|x64.Build.0 = Release|Any CPU
		{B5D80D12-1BBE-4F32-ACD3-A12B6EEB9B0F}.Release|x86.ActiveCfg = Release|Any CPU
		{B5D80D12-1BBE-4F32-ACD3-A12B6EEB9B0F}.Release|x86.Build.0 = Release|Any CPU
	EndGlobalSection
	GlobalSection(SolutionProperties) = preSolution
		HideSolutionNode = FALSE
	EndGlobalSection
	GlobalSection(NestedProjects) = preSolution
		{DD156D3E-DAF9-45F2-BC86-59CD389E551F} = {0C88DD14-F956-CE84-757C-A364CCF449FC}
		{B21D05E7-1659-4B0F-9A09-0A8F636565E3} = {0C88DD14-F956-CE84-757C-A364CCF449FC}
		{E9C90EC7-3311-4110-ABDA-D3DE0A703F23} = {0C88DD14-F956-CE84-757C-A364CCF449FC}
		{245B9C40-E4F7-47CB-96C8-E027078FE1B5} = {827E0CD3-B72D-47B6-A68D-7590B98EB39B}
		{55C42042-25DA-4389-9DE2-126707758DAA} = {827E0CD3-B72D-47B6-A68D-7590B98EB39B}
		{164BE28C-324C-4B14-8EBD-7AD1E928EAE1} = {827E0CD3-B72D-47B6-A68D-7590B98EB39B}
		{E7291183-C71F-47D9-B3E0-3955403F022E} = {827E0CD3-B72D-47B6-A68D-7590B98EB39B}
		{D74A6D66-9775-47E4-AC8A-E7E96498FCEF} = {827E0CD3-B72D-47B6-A68D-7590B98EB39B}
		{C7EAED72-1AB1-4285-A508-A17FDB468009} = {827E0CD3-B72D-47B6-A68D-7590B98EB39B}
		{FDD2A1D8-885A-472F-BC61-50C585A54772} = {827E0CD3-B72D-47B6-A68D-7590B98EB39B}
		{084F2A5E-741F-42A8-BE2E-D9C4B7D7AE90} = {827E0CD3-B72D-47B6-A68D-7590B98EB39B}
		{BFEDD0C2-DB07-480D-AD1E-A2FA6C5FA05D} = {0C88DD14-F956-CE84-757C-A364CCF449FC}
		{B5D80D12-1BBE-4F32-ACD3-A12B6EEB9B0F} = {0C88DD14-F956-CE84-757C-A364CCF449FC}
	EndGlobalSection
EndGlobal
